
Microsoft Visual Studio Solution File, Format Version 12.00
# Visual Studio Version 17
VisualStudioVersion = 17.6.33815.320
MinimumVisualStudioVersion = 10.0.40219.1
Project("{FAE04EC0-301F-11D3-BF4B-00C04F79EFBC}") = "newsApi", "newsApi.csproj", "{EE4DEF96-3039-4088-9048-7DE8D1417630}"
EndProject
Global
	GlobalSection(SolutionConfigurationPlatforms) = preSolution
		Debug|Any CPU = Debug|Any CPU
		Release|Any CPU = Release|Any CPU
	EndGlobalSection
	GlobalSection(ProjectConfigurationPlatforms) = postSolution
		{EE4DEF96-3039-4088-9048-7DE8D1417630}.Debug|Any CPU.ActiveCfg = Debug|Any CPU
		{EE4DEF96-3039-4088-9048-7DE8D1417630}.Debug|Any CPU.Build.0 = Debug|Any CPU
		{EE4DEF96-3039-4088-9048-7DE8D1417630}.Release|Any CPU.ActiveCfg = Release|Any CPU
		{EE4DEF96-3039-4088-9048-7DE8D1417630}.Release|Any CPU.Build.0 = Release|Any CPU
	EndGlobalSection
	GlobalSection(SolutionProperties) = preSolution
		HideSolutionNode = FALSE
	EndGlobalSection
	GlobalSection(ExtensibilityGlobals) = postSolution
		SolutionGuid = {C6FD25C6-53D2-47C3-904B-3CD2E6578BB5}
	EndGlobalSection
EndGlobal
